
Microsoft Visual Studio Solution File, Format Version 11.00
# Visual Studio 2010
Project("{F184B08F-C81C-45F6-A57F-5ABD9991F28F}") = "Led5kSDKvb", "Led5kSDKvb.vbproj", "{14D97D09-E88F-42D7-994D-54FFB9C3A4E8}"
EndProject
Global
	GlobalSection(SolutionConfigurationPlatforms) = preSolution
		Debug|x86 = Debug|x86
		Release|x86 = Release|x86
	EndGlobalSection
	GlobalSection(ProjectConfigurationPlatforms) = postSolution
		{14D97D09-E88F-42D7-994D-54FFB9C3A4E8}.Debug|x86.ActiveCfg = Debug|x86
		{14D97D09-E88F-42D7-994D-54FFB9C3A4E8}.Debug|x86.Build.0 = Debug|x86
		{14D97D09-E88F-42D7-994D-54FFB9C3A4E8}.Release|x86.ActiveCfg = Release|x86
		{14D97D09-E88F-42D7-994D-54FFB9C3A4E8}.Release|x86.Build.0 = Release|x86
	EndGlobalSection
	GlobalSection(SolutionProperties) = preSolution
		HideSolutionNode = FALSE
	EndGlobalSection
EndGlobal
